
Microsoft Visual Studio Solution File, Format Version 12.00
# Visual Studio 15
VisualStudioVersion = 15.0.27130.2036
MinimumVisualStudioVersion = 10.0.40219.1
Project("{FAE04EC0-301F-11D3-BF4B-00C04F79EFBC}") = "NetLearn", "NetLearn\NetLearn.csproj", "{3F87D1DF-9E1F-4DF1-A53B-9D5AA6677F13}"
EndProject
Project("{FAE04EC0-301F-11D3-BF4B-00C04F79EFBC}") = "NetClassify", "NetClassify\NetClassify.csproj", "{53AAC793-CC1F-4B99-9781-35DEC8A363B4}"
EndProject
Project("{FAE04EC0-301F-11D3-BF4B-00C04F79EFBC}") = "Genix.Core", "Genix.Core\Genix.Core.csproj", "{50B5352B-F996-4E14-8A1A-C7096F42E321}"
	ProjectSection(ProjectDependencies) = postProject
		{2F91D6D7-D55A-42A2-94B1-67568CE6E446} = {2F91D6D7-D55A-42A2-94B1-67568CE6E446}
	EndProjectSection
EndProject
Project("{8BC9CEB8-8B4A-11D0-8D11-00A0C91BC942}") = "Genix.Core.Native", "Genix.Core.Native\Genix.Core.Native.vcxproj", "{2F91D6D7-D55A-42A2-94B1-67568CE6E446}"
EndProject
Project("{FAE04EC0-301F-11D3-BF4B-00C04F79EFBC}") = "Genix.Core.Test", "Genix.Core.Test\Genix.Core.Test.csproj", "{68EA097C-7764-4EB6-BB37-34FC8EC673FD}"
EndProject
Project("{FAE04EC0-301F-11D3-BF4B-00C04F79EFBC}") = "Genix.Imaging", "Genix.Imaging\Genix.Imaging.csproj", "{D19A13BA-1C8F-4CEB-840C-D485D0936D56}"
	ProjectSection(ProjectDependencies) = postProject
		{8AF9EF19-E3F0-4904-82AC-89058117455C} = {8AF9EF19-E3F0-4904-82AC-89058117455C}
	EndProjectSection
EndProject
Project("{FAE04EC0-301F-11D3-BF4B-00C04F79EFBC}") = "Genix.Imaging.Test", "Genix.Imaging.Test\Genix.Imaging.Test.csproj", "{C3F7181D-F341-4080-B947-745F3408C51D}"
EndProject
Project("{FAE04EC0-301F-11D3-BF4B-00C04F79EFBC}") = "Genix.DocumentAnalysis", "Genix.DocumentAnalysis\Genix.DocumentAnalysis.csproj", "{1BE4C1F8-8CD0-498F-B67D-45D2BE1FB0CA}"
EndProject
Project("{FAE04EC0-301F-11D3-BF4B-00C04F79EFBC}") = "Genix.DNN", "Genix.DNN\Genix.DNN.csproj", "{75E41C3E-E491-4D38-9B62-A01E90DECE12}"
	ProjectSection(ProjectDependencies) = postProject
		{2618FBA0-59A8-4B06-BEBB-751FEC31A29D} = {2618FBA0-59A8-4B06-BEBB-751FEC31A29D}
	EndProjectSection
EndProject
Project("{FAE04EC0-301F-11D3-BF4B-00C04F79EFBC}") = "Genix.DNN.Test", "Genix.DNN.Test\Genix.DNN.Test.csproj", "{05846038-4012-4E74-9786-E3F4997F445B}"
EndProject
Project("{8BC9CEB8-8B4A-11D0-8D11-00A0C91BC942}") = "Genix.DNN.Native", "Genix.DNN.Native\Genix.DNN.Native.vcxproj", "{2618FBA0-59A8-4B06-BEBB-751FEC31A29D}"
EndProject
Project("{2150E333-8FDC-42A3-9474-1A3956D46DE8}") = "Native", "Native", "{C4A7CBA2-C5C8-4B1A-9F6C-B8ABD448AC19}"
EndProject
Project("{2150E333-8FDC-42A3-9474-1A3956D46DE8}") = "Testing", "Testing", "{4FBCF2BF-EF61-4FCA-B71F-93580CADC53D}"
EndProject
Project("{FAE04EC0-301F-11D3-BF4B-00C04F79EFBC}") = "Genix.Test2", "Genix.Test2\Genix.Test2.csproj", "{BFE370A1-9DCE-47C2-BCFF-0DC54044A0BA}"
EndProject
Project("{8BC9CEB8-8B4A-11D0-8D11-00A0C91BC942}") = "Genix.Imaging.Native", "Genix.Imaging.Native\Genix.Imaging.Native.vcxproj", "{8AF9EF19-E3F0-4904-82AC-89058117455C}"
	ProjectSection(ProjectDependencies) = postProject
		{2F91D6D7-D55A-42A2-94B1-67568CE6E446} = {2F91D6D7-D55A-42A2-94B1-67568CE6E446}
	EndProjectSection
EndProject
Global
	GlobalSection(SolutionConfigurationPlatforms) = preSolution
		Debug|Any CPU = Debug|Any CPU
		Debug|ARM = Debug|ARM
		Debug|x64 = Debug|x64
		Debug|x86 = Debug|x86
		Release|Any CPU = Release|Any CPU
		Release|ARM = Release|ARM
		Release|x64 = Release|x64
		Release|x86 = Release|x86
	EndGlobalSection
	GlobalSection(ProjectConfigurationPlatforms) = postSolution
		{3F87D1DF-9E1F-4DF1-A53B-9D5AA6677F13}.Debug|Any CPU.ActiveCfg = Debug|Any CPU
		{3F87D1DF-9E1F-4DF1-A53B-9D5AA6677F13}.Debug|Any CPU.Build.0 = Debug|Any CPU
		{3F87D1DF-9E1F-4DF1-A53B-9D5AA6677F13}.Debug|ARM.ActiveCfg = Debug|Any CPU
		{3F87D1DF-9E1F-4DF1-A53B-9D5AA6677F13}.Debug|ARM.Build.0 = Debug|Any CPU
		{3F87D1DF-9E1F-4DF1-A53B-9D5AA6677F13}.Debug|x64.ActiveCfg = Debug|Any CPU
		{3F87D1DF-9E1F-4DF1-A53B-9D5AA6677F13}.Debug|x64.Build.0 = Debug|Any CPU
		{3F87D1DF-9E1F-4DF1-A53B-9D5AA6677F13}.Debug|x86.ActiveCfg = Debug|Any CPU
		{3F87D1DF-9E1F-4DF1-A53B-9D5AA6677F13}.Debug|x86.Build.0 = Debug|Any CPU
		{3F87D1DF-9E1F-4DF1-A53B-9D5AA6677F13}.Release|Any CPU.ActiveCfg = Release|Any CPU
		{3F87D1DF-9E1F-4DF1-A53B-9D5AA6677F13}.Release|Any CPU.Build.0 = Release|Any CPU
		{3F87D1DF-9E1F-4DF1-A53B-9D5AA6677F13}.Release|ARM.ActiveCfg = Release|Any CPU
		{3F87D1DF-9E1F-4DF1-A53B-9D5AA6677F13}.Release|ARM.Build.0 = Release|Any CPU
		{3F87D1DF-9E1F-4DF1-A53B-9D5AA6677F13}.Release|x64.ActiveCfg = Release|Any CPU
		{3F87D1DF-9E1F-4DF1-A53B-9D5AA6677F13}.Release|x64.Build.0 = Release|Any CPU
		{3F87D1DF-9E1F-4DF1-A53B-9D5AA6677F13}.Release|x86.ActiveCfg = Release|Any CPU
		{3F87D1DF-9E1F-4DF1-A53B-9D5AA6677F13}.Release|x86.Build.0 = Release|Any CPU
		{53AAC793-CC1F-4B99-9781-35DEC8A363B4}.Debug|Any CPU.ActiveCfg = Debug|Any CPU
		{53AAC793-CC1F-4B99-9781-35DEC8A363B4}.Debug|Any CPU.Build.0 = Debug|Any CPU
		{53AAC793-CC1F-4B99-9781-35DEC8A363B4}.Debug|ARM.ActiveCfg = Debug|Any CPU
		{53AAC793-CC1F-4B99-9781-35DEC8A363B4}.Debug|ARM.Build.0 = Debug|Any CPU
		{53AAC793-CC1F-4B99-9781-35DEC8A363B4}.Debug|x64.ActiveCfg = Debug|Any CPU
		{53AAC793-CC1F-4B99-9781-35DEC8A363B4}.Debug|x64.Build.0 = Debug|Any CPU
		{53AAC793-CC1F-4B99-9781-35DEC8A363B4}.Debug|x86.ActiveCfg = Debug|Any CPU
		{53AAC793-CC1F-4B99-9781-35DEC8A363B4}.Debug|x86.Build.0 = Debug|Any CPU
		{53AAC793-CC1F-4B99-9781-35DEC8A363B4}.Release|Any CPU.ActiveCfg = Release|Any CPU
		{53AAC793-CC1F-4B99-9781-35DEC8A363B4}.Release|Any CPU.Build.0 = Release|Any CPU
		{53AAC793-CC1F-4B99-9781-35DEC8A363B4}.Release|ARM.ActiveCfg = Release|Any CPU
		{53AAC793-CC1F-4B99-9781-35DEC8A363B4}.Release|ARM.Build.0 = Release|Any CPU
		{53AAC793-CC1F-4B99-9781-35DEC8A363B4}.Release|x64.ActiveCfg = Release|Any CPU
		{53AAC793-CC1F-4B99-9781-35DEC8A363B4}.Release|x64.Build.0 = Release|Any CPU
		{53AAC793-CC1F-4B99-9781-35DEC8A363B4}.Release|x86.ActiveCfg = Release|Any CPU
		{53AAC793-CC1F-4B99-9781-35DEC8A363B4}.Release|x86.Build.0 = Release|Any CPU
		{50B5352B-F996-4E14-8A1A-C7096F42E321}.Debug|Any CPU.ActiveCfg = Debug|Any CPU
		{50B5352B-F996-4E14-8A1A-C7096F42E321}.Debug|Any CPU.Build.0 = Debug|Any CPU
		{50B5352B-F996-4E14-8A1A-C7096F42E321}.Debug|ARM.ActiveCfg = Debug|Any CPU
		{50B5352B-F996-4E14-8A1A-C7096F42E321}.Debug|ARM.Build.0 = Debug|Any CPU
		{50B5352B-F996-4E14-8A1A-C7096F42E321}.Debug|x64.ActiveCfg = Debug|Any CPU
		{50B5352B-F996-4E14-8A1A-C7096F42E321}.Debug|x64.Build.0 = Debug|Any CPU
		{50B5352B-F996-4E14-8A1A-C7096F42E321}.Debug|x86.ActiveCfg = Debug|Any CPU
		{50B5352B-F996-4E14-8A1A-C7096F42E321}.Debug|x86.Build.0 = Debug|Any CPU
		{50B5352B-F996-4E14-8A1A-C7096F42E321}.Release|Any CPU.ActiveCfg = Release|Any CPU
		{50B5352B-F996-4E14-8A1A-C7096F42E321}.Release|Any CPU.Build.0 = Release|Any CPU
		{50B5352B-F996-4E14-8A1A-C7096F42E321}.Release|ARM.ActiveCfg = Release|Any CPU
		{50B5352B-F996-4E14-8A1A-C7096F42E321}.Release|ARM.Build.0 = Release|Any CPU
		{50B5352B-F996-4E14-8A1A-C7096F42E321}.Release|x64.ActiveCfg = Release|Any CPU
		{50B5352B-F996-4E14-8A1A-C7096F42E321}.Release|x64.Build.0 = Release|Any CPU
		{50B5352B-F996-4E14-8A1A-C7096F42E321}.Release|x86.ActiveCfg = Release|Any CPU
		{50B5352B-F996-4E14-8A1A-C7096F42E321}.Release|x86.Build.0 = Release|Any CPU
		{2F91D6D7-D55A-42A2-94B1-67568CE6E446}.Debug|Any CPU.ActiveCfg = Debug|x64
		{2F91D6D7-D55A-42A2-94B1-67568CE6E446}.Debug|ARM.ActiveCfg = Debug|Win32
		{2F91D6D7-D55A-42A2-94B1-67568CE6E446}.Debug|x64.ActiveCfg = Debug|x64
		{2F91D6D7-D55A-42A2-94B1-67568CE6E446}.Debug|x64.Build.0 = Debug|x64
		{2F91D6D7-D55A-42A2-94B1-67568CE6E446}.Debug|x86.ActiveCfg = Debug|Win32
		{2F91D6D7-D55A-42A2-94B1-67568CE6E446}.Debug|x86.Build.0 = Debug|Win32
		{2F91D6D7-D55A-42A2-94B1-67568CE6E446}.Release|Any CPU.ActiveCfg = Release|Win32
		{2F91D6D7-D55A-42A2-94B1-67568CE6E446}.Release|ARM.ActiveCfg = Release|Win32
		{2F91D6D7-D55A-42A2-94B1-67568CE6E446}.Release|x64.ActiveCfg = Release|x64
		{2F91D6D7-D55A-42A2-94B1-67568CE6E446}.Release|x64.Build.0 = Release|x64
		{2F91D6D7-D55A-42A2-94B1-67568CE6E446}.Release|x86.ActiveCfg = Release|Win32
		{2F91D6D7-D55A-42A2-94B1-67568CE6E446}.Release|x86.Build.0 = Release|Win32
		{68EA097C-7764-4EB6-BB37-34FC8EC673FD}.Debug|Any CPU.ActiveCfg = Debug|Any CPU
		{68EA097C-7764-4EB6-BB37-34FC8EC673FD}.Debug|Any CPU.Build.0 = Debug|Any CPU
		{68EA097C-7764-4EB6-BB37-34FC8EC673FD}.Debug|ARM.ActiveCfg = Debug|Any CPU
		{68EA097C-7764-4EB6-BB37-34FC8EC673FD}.Debug|ARM.Build.0 = Debug|Any CPU
		{68EA097C-7764-4EB6-BB37-34FC8EC673FD}.Debug|x64.ActiveCfg = Debug|Any CPU
		{68EA097C-7764-4EB6-BB37-34FC8EC673FD}.Debug|x64.Build.0 = Debug|Any CPU
		{68EA097C-7764-4EB6-BB37-34FC8EC673FD}.Debug|x86.ActiveCfg = Debug|Any CPU
		{68EA097C-7764-4EB6-BB37-34FC8EC673FD}.Debug|x86.Build.0 = Debug|Any CPU
		{68EA097C-7764-4EB6-BB37-34FC8EC673FD}.Release|Any CPU.ActiveCfg = Release|Any CPU
		{68EA097C-7764-4EB6-BB37-34FC8EC673FD}.Release|Any CPU.Build.0 = Release|Any CPU
		{68EA097C-7764-4EB6-BB37-34FC8EC673FD}.Release|ARM.ActiveCfg = Release|Any CPU
		{68EA097C-7764-4EB6-BB37-34FC8EC673FD}.Release|ARM.Build.0 = Release|Any CPU
		{68EA097C-7764-4EB6-BB37-34FC8EC673FD}.Release|x64.ActiveCfg = Release|Any CPU
		{68EA097C-7764-4EB6-BB37-34FC8EC673FD}.Release|x64.Build.0 = Release|Any CPU
		{68EA097C-7764-4EB6-BB37-34FC8EC673FD}.Release|x86.ActiveCfg = Release|Any CPU
		{68EA097C-7764-4EB6-BB37-34FC8EC673FD}.Release|x86.Build.0 = Release|Any CPU
		{D19A13BA-1C8F-4CEB-840C-D485D0936D56}.Debug|Any CPU.ActiveCfg = Debug|Any CPU
		{D19A13BA-1C8F-4CEB-840C-D485D0936D56}.Debug|Any CPU.Build.0 = Debug|Any CPU
		{D19A13BA-1C8F-4CEB-840C-D485D0936D56}.Debug|ARM.ActiveCfg = Debug|Any CPU
		{D19A13BA-1C8F-4CEB-840C-D485D0936D56}.Debug|ARM.Build.0 = Debug|Any CPU
		{D19A13BA-1C8F-4CEB-840C-D485D0936D56}.Debug|x64.ActiveCfg = Debug|Any CPU
		{D19A13BA-1C8F-4CEB-840C-D485D0936D56}.Debug|x64.Build.0 = Debug|Any CPU
		{D19A13BA-1C8F-4CEB-840C-D485D0936D56}.Debug|x86.ActiveCfg = Debug|Any CPU
		{D19A13BA-1C8F-4CEB-840C-D485D0936D56}.Debug|x86.Build.0 = Debug|Any CPU
		{D19A13BA-1C8F-4CEB-840C-D485D0936D56}.Release|Any CPU.ActiveCfg = Release|Any CPU
		{D19A13BA-1C8F-4CEB-840C-D485D0936D56}.Release|Any CPU.Build.0 = Release|Any CPU
		{D19A13BA-1C8F-4CEB-840C-D485D0936D56}.Release|ARM.ActiveCfg = Release|Any CPU
		{D19A13BA-1C8F-4CEB-840C-D485D0936D56}.Release|ARM.Build.0 = Release|Any CPU
		{D19A13BA-1C8F-4CEB-840C-D485D0936D56}.Release|x64.ActiveCfg = Release|Any CPU
		{D19A13BA-1C8F-4CEB-840C-D485D0936D56}.Release|x64.Build.0 = Release|Any CPU
		{D19A13BA-1C8F-4CEB-840C-D485D0936D56}.Release|x86.ActiveCfg = Release|Any CPU
		{D19A13BA-1C8F-4CEB-840C-D485D0936D56}.Release|x86.Build.0 = Release|Any CPU
		{C3F7181D-F341-4080-B947-745F3408C51D}.Debug|Any CPU.ActiveCfg = Debug|Any CPU
		{C3F7181D-F341-4080-B947-745F3408C51D}.Debug|Any CPU.Build.0 = Debug|Any CPU
		{C3F7181D-F341-4080-B947-745F3408C51D}.Debug|ARM.ActiveCfg = Debug|Any CPU
		{C3F7181D-F341-4080-B947-745F3408C51D}.Debug|ARM.Build.0 = Debug|Any CPU
		{C3F7181D-F341-4080-B947-745F3408C51D}.Debug|x64.ActiveCfg = Debug|Any CPU
		{C3F7181D-F341-4080-B947-745F3408C51D}.Debug|x64.Build.0 = Debug|Any CPU
		{C3F7181D-F341-4080-B947-745F3408C51D}.Debug|x86.ActiveCfg = Debug|Any CPU
		{C3F7181D-F341-4080-B947-745F3408C51D}.Debug|x86.Build.0 = Debug|Any CPU
		{C3F7181D-F341-4080-B947-745F3408C51D}.Release|Any CPU.ActiveCfg = Release|Any CPU
		{C3F7181D-F341-4080-B947-745F3408C51D}.Release|Any CPU.Build.0 = Release|Any CPU
		{C3F7181D-F341-4080-B947-745F3408C51D}.Release|ARM.ActiveCfg = Release|Any CPU
		{C3F7181D-F341-4080-B947-745F3408C51D}.Release|ARM.Build.0 = Release|Any CPU
		{C3F7181D-F341-4080-B947-745F3408C51D}.Release|x64.ActiveCfg = Release|Any CPU
		{C3F7181D-F341-4080-B947-745F3408C51D}.Release|x64.Build.0 = Release|Any CPU
		{C3F7181D-F341-4080-B947-745F3408C51D}.Release|x86.ActiveCfg = Release|Any CPU
		{C3F7181D-F341-4080-B947-745F3408C51D}.Release|x86.Build.0 = Release|Any CPU
		{1BE4C1F8-8CD0-498F-B67D-45D2BE1FB0CA}.Debug|Any CPU.ActiveCfg = Debug|Any CPU
		{1BE4C1F8-8CD0-498F-B67D-45D2BE1FB0CA}.Debug|Any CPU.Build.0 = Debug|Any CPU
		{1BE4C1F8-8CD0-498F-B67D-45D2BE1FB0CA}.Debug|ARM.ActiveCfg = Debug|Any CPU
		{1BE4C1F8-8CD0-498F-B67D-45D2BE1FB0CA}.Debug|ARM.Build.0 = Debug|Any CPU
		{1BE4C1F8-8CD0-498F-B67D-45D2BE1FB0CA}.Debug|x64.ActiveCfg = Debug|Any CPU
		{1BE4C1F8-8CD0-498F-B67D-45D2BE1FB0CA}.Debug|x64.Build.0 = Debug|Any CPU
		{1BE4C1F8-8CD0-498F-B67D-45D2BE1FB0CA}.Debug|x86.ActiveCfg = Debug|Any CPU
		{1BE4C1F8-8CD0-498F-B67D-45D2BE1FB0CA}.Debug|x86.Build.0 = Debug|Any CPU
		{1BE4C1F8-8CD0-498F-B67D-45D2BE1FB0CA}.Release|Any CPU.ActiveCfg = Release|Any CPU
		{1BE4C1F8-8CD0-498F-B67D-45D2BE1FB0CA}.Release|Any CPU.Build.0 = Release|Any CPU
		{1BE4C1F8-8CD0-498F-B67D-45D2BE1FB0CA}.Release|ARM.ActiveCfg = Release|Any CPU
		{1BE4C1F8-8CD0-498F-B67D-45D2BE1FB0CA}.Release|ARM.Build.0 = Release|Any CPU
		{1BE4C1F8-8CD0-498F-B67D-45D2BE1FB0CA}.Release|x64.ActiveCfg = Release|Any CPU
		{1BE4C1F8-8CD0-498F-B67D-45D2BE1FB0CA}.Release|x64.Build.0 = Release|Any CPU
		{1BE4C1F8-8CD0-498F-B67D-45D2BE1FB0CA}.Release|x86.ActiveCfg = Release|Any CPU
		{1BE4C1F8-8CD0-498F-B67D-45D2BE1FB0CA}.Release|x86.Build.0 = Release|Any CPU
		{75E41C3E-E491-4D38-9B62-A01E90DECE12}.Debug|Any CPU.ActiveCfg = Debug|Any CPU
		{75E41C3E-E491-4D38-9B62-A01E90DECE12}.Debug|Any CPU.Build.0 = Debug|Any CPU
		{75E41C3E-E491-4D38-9B62-A01E90DECE12}.Debug|ARM.ActiveCfg = Debug|Any CPU
		{75E41C3E-E491-4D38-9B62-A01E90DECE12}.Debug|ARM.Build.0 = Debug|Any CPU
		{75E41C3E-E491-4D38-9B62-A01E90DECE12}.Debug|x64.ActiveCfg = Debug|Any CPU
		{75E41C3E-E491-4D38-9B62-A01E90DECE12}.Debug|x64.Build.0 = Debug|Any CPU
		{75E41C3E-E491-4D38-9B62-A01E90DECE12}.Debug|x86.ActiveCfg = Debug|Any CPU
		{75E41C3E-E491-4D38-9B62-A01E90DECE12}.Debug|x86.Build.0 = Debug|Any CPU
		{75E41C3E-E491-4D38-9B62-A01E90DECE12}.Release|Any CPU.ActiveCfg = Release|Any CPU
		{75E41C3E-E491-4D38-9B62-A01E90DECE12}.Release|Any CPU.Build.0 = Release|Any CPU
		{75E41C3E-E491-4D38-9B62-A01E90DECE12}.Release|ARM.ActiveCfg = Release|Any CPU
		{75E41C3E-E491-4D38-9B62-A01E90DECE12}.Release|ARM.Build.0 = Release|Any CPU
		{75E41C3E-E491-4D38-9B62-A01E90DECE12}.Release|x64.ActiveCfg = Release|Any CPU
		{75E41C3E-E491-4D38-9B62-A01E90DECE12}.Release|x64.Build.0 = Release|Any CPU
		{75E41C3E-E491-4D38-9B62-A01E90DECE12}.Release|x86.ActiveCfg = Release|Any CPU
		{75E41C3E-E491-4D38-9B62-A01E90DECE12}.Release|x86.Build.0 = Release|Any CPU
		{05846038-4012-4E74-9786-E3F4997F445B}.Debug|Any CPU.ActiveCfg = Debug|Any CPU
		{05846038-4012-4E74-9786-E3F4997F445B}.Debug|Any CPU.Build.0 = Debug|Any CPU
		{05846038-4012-4E74-9786-E3F4997F445B}.Debug|ARM.ActiveCfg = Debug|Any CPU
		{05846038-4012-4E74-9786-E3F4997F445B}.Debug|ARM.Build.0 = Debug|Any CPU
		{05846038-4012-4E74-9786-E3F4997F445B}.Debug|x64.ActiveCfg = Debug|Any CPU
		{05846038-4012-4E74-9786-E3F4997F445B}.Debug|x64.Build.0 = Debug|Any CPU
		{05846038-4012-4E74-9786-E3F4997F445B}.Debug|x86.ActiveCfg = Debug|Any CPU
		{05846038-4012-4E74-9786-E3F4997F445B}.Debug|x86.Build.0 = Debug|Any CPU
		{05846038-4012-4E74-9786-E3F4997F445B}.Release|Any CPU.ActiveCfg = Release|Any CPU
		{05846038-4012-4E74-9786-E3F4997F445B}.Release|Any CPU.Build.0 = Release|Any CPU
		{05846038-4012-4E74-9786-E3F4997F445B}.Release|ARM.ActiveCfg = Release|Any CPU
		{05846038-4012-4E74-9786-E3F4997F445B}.Release|ARM.Build.0 = Release|Any CPU
		{05846038-4012-4E74-9786-E3F4997F445B}.Release|x64.ActiveCfg = Release|Any CPU
		{05846038-4012-4E74-9786-E3F4997F445B}.Release|x64.Build.0 = Release|Any CPU
		{05846038-4012-4E74-9786-E3F4997F445B}.Release|x86.ActiveCfg = Release|Any CPU
		{05846038-4012-4E74-9786-E3F4997F445B}.Release|x86.Build.0 = Release|Any CPU
		{2618FBA0-59A8-4B06-BEBB-751FEC31A29D}.Debug|Any CPU.ActiveCfg = Debug|x64
		{2618FBA0-59A8-4B06-BEBB-751FEC31A29D}.Debug|ARM.ActiveCfg = Debug|Win32
		{2618FBA0-59A8-4B06-BEBB-751FEC31A29D}.Debug|x64.ActiveCfg = Debug|x64
		{2618FBA0-59A8-4B06-BEBB-751FEC31A29D}.Debug|x64.Build.0 = Debug|x64
		{2618FBA0-59A8-4B06-BEBB-751FEC31A29D}.Debug|x86.ActiveCfg = Debug|Win32
		{2618FBA0-59A8-4B06-BEBB-751FEC31A29D}.Debug|x86.Build.0 = Debug|Win32
		{2618FBA0-59A8-4B06-BEBB-751FEC31A29D}.Release|Any CPU.ActiveCfg = Release|Win32
		{2618FBA0-59A8-4B06-BEBB-751FEC31A29D}.Release|ARM.ActiveCfg = Release|Win32
		{2618FBA0-59A8-4B06-BEBB-751FEC31A29D}.Release|x64.ActiveCfg = Release|x64
		{2618FBA0-59A8-4B06-BEBB-751FEC31A29D}.Release|x64.Build.0 = Release|x64
		{2618FBA0-59A8-4B06-BEBB-751FEC31A29D}.Release|x86.ActiveCfg = Release|Win32
		{2618FBA0-59A8-4B06-BEBB-751FEC31A29D}.Release|x86.Build.0 = Release|Win32
		{BFE370A1-9DCE-47C2-BCFF-0DC54044A0BA}.Debug|Any CPU.ActiveCfg = Debug|Any CPU
		{BFE370A1-9DCE-47C2-BCFF-0DC54044A0BA}.Debug|Any CPU.Build.0 = Debug|Any CPU
		{BFE370A1-9DCE-47C2-BCFF-0DC54044A0BA}.Debug|ARM.ActiveCfg = Debug|Any CPU
		{BFE370A1-9DCE-47C2-BCFF-0DC54044A0BA}.Debug|ARM.Build.0 = Debug|Any CPU
		{BFE370A1-9DCE-47C2-BCFF-0DC54044A0BA}.Debug|x64.ActiveCfg = Debug|Any CPU
		{BFE370A1-9DCE-47C2-BCFF-0DC54044A0BA}.Debug|x64.Build.0 = Debug|Any CPU
		{BFE370A1-9DCE-47C2-BCFF-0DC54044A0BA}.Debug|x86.ActiveCfg = Debug|Any CPU
		{BFE370A1-9DCE-47C2-BCFF-0DC54044A0BA}.Debug|x86.Build.0 = Debug|Any CPU
		{BFE370A1-9DCE-47C2-BCFF-0DC54044A0BA}.Release|Any CPU.ActiveCfg = Release|Any CPU
		{BFE370A1-9DCE-47C2-BCFF-0DC54044A0BA}.Release|Any CPU.Build.0 = Release|Any CPU
		{BFE370A1-9DCE-47C2-BCFF-0DC54044A0BA}.Release|ARM.ActiveCfg = Release|Any CPU
		{BFE370A1-9DCE-47C2-BCFF-0DC54044A0BA}.Release|ARM.Build.0 = Release|Any CPU
		{BFE370A1-9DCE-47C2-BCFF-0DC54044A0BA}.Release|x64.ActiveCfg = Release|Any CPU
		{BFE370A1-9DCE-47C2-BCFF-0DC54044A0BA}.Release|x64.Build.0 = Release|Any CPU
		{BFE370A1-9DCE-47C2-BCFF-0DC54044A0BA}.Release|x86.ActiveCfg = Release|Any CPU
		{BFE370A1-9DCE-47C2-BCFF-0DC54044A0BA}.Release|x86.Build.0 = Release|Any CPU
		{8AF9EF19-E3F0-4904-82AC-89058117455C}.Debug|Any CPU.ActiveCfg = Debug|Win32
		{8AF9EF19-E3F0-4904-82AC-89058117455C}.Debug|ARM.ActiveCfg = Debug|Win32
		{8AF9EF19-E3F0-4904-82AC-89058117455C}.Debug|x64.ActiveCfg = Debug|x64
		{8AF9EF19-E3F0-4904-82AC-89058117455C}.Debug|x64.Build.0 = Debug|x64
		{8AF9EF19-E3F0-4904-82AC-89058117455C}.Debug|x86.ActiveCfg = Debug|Win32
		{8AF9EF19-E3F0-4904-82AC-89058117455C}.Debug|x86.Build.0 = Debug|Win32
		{8AF9EF19-E3F0-4904-82AC-89058117455C}.Release|Any CPU.ActiveCfg = Release|Win32
		{8AF9EF19-E3F0-4904-82AC-89058117455C}.Release|ARM.ActiveCfg = Release|Win32
		{8AF9EF19-E3F0-4904-82AC-89058117455C}.Release|x64.ActiveCfg = Release|x64
		{8AF9EF19-E3F0-4904-82AC-89058117455C}.Release|x64.Build.0 = Release|x64
		{8AF9EF19-E3F0-4904-82AC-89058117455C}.Release|x86.ActiveCfg = Release|Win32
		{8AF9EF19-E3F0-4904-82AC-89058117455C}.Release|x86.Build.0 = Release|Win32
	EndGlobalSection
	GlobalSection(SolutionProperties) = preSolution
		HideSolutionNode = FALSE
	EndGlobalSection
	GlobalSection(NestedProjects) = preSolution
		{2F91D6D7-D55A-42A2-94B1-67568CE6E446} = {C4A7CBA2-C5C8-4B1A-9F6C-B8ABD448AC19}
		{68EA097C-7764-4EB6-BB37-34FC8EC673FD} = {4FBCF2BF-EF61-4FCA-B71F-93580CADC53D}
		{C3F7181D-F341-4080-B947-745F3408C51D} = {4FBCF2BF-EF61-4FCA-B71F-93580CADC53D}
		{05846038-4012-4E74-9786-E3F4997F445B} = {4FBCF2BF-EF61-4FCA-B71F-93580CADC53D}
		{2618FBA0-59A8-4B06-BEBB-751FEC31A29D} = {C4A7CBA2-C5C8-4B1A-9F6C-B8ABD448AC19}
		{BFE370A1-9DCE-47C2-BCFF-0DC54044A0BA} = {4FBCF2BF-EF61-4FCA-B71F-93580CADC53D}
		{8AF9EF19-E3F0-4904-82AC-89058117455C} = {C4A7CBA2-C5C8-4B1A-9F6C-B8ABD448AC19}
	EndGlobalSection
	GlobalSection(ExtensibilityGlobals) = postSolution
		SolutionGuid = {D80916AC-677F-4083-B57A-3562C04772D2}
	EndGlobalSection
	GlobalSection(Performance) = preSolution
		HasPerformanceSessions = true
	EndGlobalSection
EndGlobal
