
Microsoft Visual Studio Solution File, Format Version 12.00
# Visual Studio 15
VisualStudioVersion = 15.0.27130.2036
MinimumVisualStudioVersion = 10.0.40219.1
Project("{FAE04EC0-301F-11D3-BF4B-00C04F79EFBC}") = "Accord.DNN.Test", "Accord.DNN.Test\Accord.DNN.Test.csproj", "{0B4F6DDC-C95D-4444-8033-15FC7A9F9AC6}"
EndProject
Project("{FAE04EC0-301F-11D3-BF4B-00C04F79EFBC}") = "Accord.DNN", "Accord.DNN\Accord.DNN.csproj", "{230D84D1-08E6-47C8-9DDD-8D730F1D93FB}"
EndProject
Project("{FAE04EC0-301F-11D3-BF4B-00C04F79EFBC}") = "NetLearn", "NetLearn\NetLearn.csproj", "{3F87D1DF-9E1F-4DF1-A53B-9D5AA6677F13}"
EndProject
Project("{FAE04EC0-301F-11D3-BF4B-00C04F79EFBC}") = "NetClassify", "NetClassify\NetClassify.csproj", "{53AAC793-CC1F-4B99-9781-35DEC8A363B4}"
EndProject
Project("{FAE04EC0-301F-11D3-BF4B-00C04F79EFBC}") = "Accord.DNN.Lab", "Accord.DNN.Lab\Accord.DNN.Lab.csproj", "{EB0918B2-2405-4732-AE91-CBA582A466BC}"
EndProject
Project("{8BC9CEB8-8B4A-11D0-8D11-00A0C91BC942}") = "Accord.DNN.CPP", "Accord.DNN.CPP\Accord.DNN.CPP.vcxproj", "{E471EDC0-C188-44CC-8B8D-5EB435CA577D}"
EndProject
Project("{FAE04EC0-301F-11D3-BF4B-00C04F79EFBC}") = "Accord.DNN.Test2", "Accord.DNN.Test2\Accord.DNN.Test2.csproj", "{BFE370A1-9DCE-47C2-BCFF-0DC54044A0BA}"
EndProject
Project("{FAE04EC0-301F-11D3-BF4B-00C04F79EFBC}") = "Accord.DNN.Core", "Accord.DNN.Core\Accord.DNN.Core.csproj", "{2B717DA4-EB9D-47D6-8D74-DC1FDED6B193}"
EndProject
Project("{FAE04EC0-301F-11D3-BF4B-00C04F79EFBC}") = "Genix.Core", "Genix.Core\Genix.Core.csproj", "{50B5352B-F996-4E14-8A1A-C7096F42E321}"
EndProject
Project("{8BC9CEB8-8B4A-11D0-8D11-00A0C91BC942}") = "Genix.Core.Native", "Genix.Core.Native\Genix.Core.Native.vcxproj", "{2F91D6D7-D55A-42A2-94B1-67568CE6E446}"
EndProject
Project("{FAE04EC0-301F-11D3-BF4B-00C04F79EFBC}") = "Genix.Core.Test", "Genix.Core.Test\Genix.Core.Test.csproj", "{68EA097C-7764-4EB6-BB37-34FC8EC673FD}"
EndProject
Project("{FAE04EC0-301F-11D3-BF4B-00C04F79EFBC}") = "Genix.Imaging", "Genix.Imaging\Genix.Imaging.csproj", "{D19A13BA-1C8F-4CEB-840C-D485D0936D56}"
EndProject
Project("{FAE04EC0-301F-11D3-BF4B-00C04F79EFBC}") = "Genix.Imaging.Test", "Genix.Imaging.Test\Genix.Imaging.Test.csproj", "{C3F7181D-F341-4080-B947-745F3408C51D}"
EndProject
Project("{FAE04EC0-301F-11D3-BF4B-00C04F79EFBC}") = "Genix.DocumentAnalysis", "Genix.DocumentAnalysis\Genix.DocumentAnalysis.csproj", "{1BE4C1F8-8CD0-498F-B67D-45D2BE1FB0CA}"
EndProject
Global
	GlobalSection(SolutionConfigurationPlatforms) = preSolution
		Debug|Any CPU = Debug|Any CPU
		Debug|ARM = Debug|ARM
		Debug|x64 = Debug|x64
		Debug|x86 = Debug|x86
		Release|Any CPU = Release|Any CPU
		Release|ARM = Release|ARM
		Release|x64 = Release|x64
		Release|x86 = Release|x86
	EndGlobalSection
	GlobalSection(ProjectConfigurationPlatforms) = postSolution
		{0B4F6DDC-C95D-4444-8033-15FC7A9F9AC6}.Debug|Any CPU.ActiveCfg = Debug|Any CPU
		{0B4F6DDC-C95D-4444-8033-15FC7A9F9AC6}.Debug|Any CPU.Build.0 = Debug|Any CPU
		{0B4F6DDC-C95D-4444-8033-15FC7A9F9AC6}.Debug|ARM.ActiveCfg = Debug|Any CPU
		{0B4F6DDC-C95D-4444-8033-15FC7A9F9AC6}.Debug|ARM.Build.0 = Debug|Any CPU
		{0B4F6DDC-C95D-4444-8033-15FC7A9F9AC6}.Debug|x64.ActiveCfg = Debug|Any CPU
		{0B4F6DDC-C95D-4444-8033-15FC7A9F9AC6}.Debug|x64.Build.0 = Debug|Any CPU
		{0B4F6DDC-C95D-4444-8033-15FC7A9F9AC6}.Debug|x86.ActiveCfg = Debug|Any CPU
		{0B4F6DDC-C95D-4444-8033-15FC7A9F9AC6}.Debug|x86.Build.0 = Debug|Any CPU
		{0B4F6DDC-C95D-4444-8033-15FC7A9F9AC6}.Release|Any CPU.ActiveCfg = Release|Any CPU
		{0B4F6DDC-C95D-4444-8033-15FC7A9F9AC6}.Release|Any CPU.Build.0 = Release|Any CPU
		{0B4F6DDC-C95D-4444-8033-15FC7A9F9AC6}.Release|ARM.ActiveCfg = Release|Any CPU
		{0B4F6DDC-C95D-4444-8033-15FC7A9F9AC6}.Release|ARM.Build.0 = Release|Any CPU
		{0B4F6DDC-C95D-4444-8033-15FC7A9F9AC6}.Release|x64.ActiveCfg = Release|Any CPU
		{0B4F6DDC-C95D-4444-8033-15FC7A9F9AC6}.Release|x64.Build.0 = Release|Any CPU
		{0B4F6DDC-C95D-4444-8033-15FC7A9F9AC6}.Release|x86.ActiveCfg = Release|Any CPU
		{0B4F6DDC-C95D-4444-8033-15FC7A9F9AC6}.Release|x86.Build.0 = Release|Any CPU
		{230D84D1-08E6-47C8-9DDD-8D730F1D93FB}.Debug|Any CPU.ActiveCfg = Debug|Any CPU
		{230D84D1-08E6-47C8-9DDD-8D730F1D93FB}.Debug|Any CPU.Build.0 = Debug|Any CPU
		{230D84D1-08E6-47C8-9DDD-8D730F1D93FB}.Debug|ARM.ActiveCfg = Debug|Any CPU
		{230D84D1-08E6-47C8-9DDD-8D730F1D93FB}.Debug|ARM.Build.0 = Debug|Any CPU
		{230D84D1-08E6-47C8-9DDD-8D730F1D93FB}.Debug|x64.ActiveCfg = Debug|Any CPU
		{230D84D1-08E6-47C8-9DDD-8D730F1D93FB}.Debug|x64.Build.0 = Debug|Any CPU
		{230D84D1-08E6-47C8-9DDD-8D730F1D93FB}.Debug|x86.ActiveCfg = Debug|Any CPU
		{230D84D1-08E6-47C8-9DDD-8D730F1D93FB}.Debug|x86.Build.0 = Debug|Any CPU
		{230D84D1-08E6-47C8-9DDD-8D730F1D93FB}.Release|Any CPU.ActiveCfg = Release|Any CPU
		{230D84D1-08E6-47C8-9DDD-8D730F1D93FB}.Release|Any CPU.Build.0 = Release|Any CPU
		{230D84D1-08E6-47C8-9DDD-8D730F1D93FB}.Release|ARM.ActiveCfg = Release|Any CPU
		{230D84D1-08E6-47C8-9DDD-8D730F1D93FB}.Release|ARM.Build.0 = Release|Any CPU
		{230D84D1-08E6-47C8-9DDD-8D730F1D93FB}.Release|x64.ActiveCfg = Release|Any CPU
		{230D84D1-08E6-47C8-9DDD-8D730F1D93FB}.Release|x64.Build.0 = Release|Any CPU
		{230D84D1-08E6-47C8-9DDD-8D730F1D93FB}.Release|x86.ActiveCfg = Release|Any CPU
		{230D84D1-08E6-47C8-9DDD-8D730F1D93FB}.Release|x86.Build.0 = Release|Any CPU
		{3F87D1DF-9E1F-4DF1-A53B-9D5AA6677F13}.Debug|Any CPU.ActiveCfg = Debug|Any CPU
		{3F87D1DF-9E1F-4DF1-A53B-9D5AA6677F13}.Debug|Any CPU.Build.0 = Debug|Any CPU
		{3F87D1DF-9E1F-4DF1-A53B-9D5AA6677F13}.Debug|ARM.ActiveCfg = Debug|Any CPU
		{3F87D1DF-9E1F-4DF1-A53B-9D5AA6677F13}.Debug|ARM.Build.0 = Debug|Any CPU
		{3F87D1DF-9E1F-4DF1-A53B-9D5AA6677F13}.Debug|x64.ActiveCfg = Debug|Any CPU
		{3F87D1DF-9E1F-4DF1-A53B-9D5AA6677F13}.Debug|x64.Build.0 = Debug|Any CPU
		{3F87D1DF-9E1F-4DF1-A53B-9D5AA6677F13}.Debug|x86.ActiveCfg = Debug|Any CPU
		{3F87D1DF-9E1F-4DF1-A53B-9D5AA6677F13}.Debug|x86.Build.0 = Debug|Any CPU
		{3F87D1DF-9E1F-4DF1-A53B-9D5AA6677F13}.Release|Any CPU.ActiveCfg = Release|Any CPU
		{3F87D1DF-9E1F-4DF1-A53B-9D5AA6677F13}.Release|Any CPU.Build.0 = Release|Any CPU
		{3F87D1DF-9E1F-4DF1-A53B-9D5AA6677F13}.Release|ARM.ActiveCfg = Release|Any CPU
		{3F87D1DF-9E1F-4DF1-A53B-9D5AA6677F13}.Release|ARM.Build.0 = Release|Any CPU
		{3F87D1DF-9E1F-4DF1-A53B-9D5AA6677F13}.Release|x64.ActiveCfg = Release|Any CPU
		{3F87D1DF-9E1F-4DF1-A53B-9D5AA6677F13}.Release|x64.Build.0 = Release|Any CPU
		{3F87D1DF-9E1F-4DF1-A53B-9D5AA6677F13}.Release|x86.ActiveCfg = Release|Any CPU
		{3F87D1DF-9E1F-4DF1-A53B-9D5AA6677F13}.Release|x86.Build.0 = Release|Any CPU
		{53AAC793-CC1F-4B99-9781-35DEC8A363B4}.Debug|Any CPU.ActiveCfg = Debug|Any CPU
		{53AAC793-CC1F-4B99-9781-35DEC8A363B4}.Debug|Any CPU.Build.0 = Debug|Any CPU
		{53AAC793-CC1F-4B99-9781-35DEC8A363B4}.Debug|ARM.ActiveCfg = Debug|Any CPU
		{53AAC793-CC1F-4B99-9781-35DEC8A363B4}.Debug|ARM.Build.0 = Debug|Any CPU
		{53AAC793-CC1F-4B99-9781-35DEC8A363B4}.Debug|x64.ActiveCfg = Debug|Any CPU
		{53AAC793-CC1F-4B99-9781-35DEC8A363B4}.Debug|x64.Build.0 = Debug|Any CPU
		{53AAC793-CC1F-4B99-9781-35DEC8A363B4}.Debug|x86.ActiveCfg = Debug|Any CPU
		{53AAC793-CC1F-4B99-9781-35DEC8A363B4}.Debug|x86.Build.0 = Debug|Any CPU
		{53AAC793-CC1F-4B99-9781-35DEC8A363B4}.Release|Any CPU.ActiveCfg = Release|Any CPU
		{53AAC793-CC1F-4B99-9781-35DEC8A363B4}.Release|Any CPU.Build.0 = Release|Any CPU
		{53AAC793-CC1F-4B99-9781-35DEC8A363B4}.Release|ARM.ActiveCfg = Release|Any CPU
		{53AAC793-CC1F-4B99-9781-35DEC8A363B4}.Release|ARM.Build.0 = Release|Any CPU
		{53AAC793-CC1F-4B99-9781-35DEC8A363B4}.Release|x64.ActiveCfg = Release|Any CPU
		{53AAC793-CC1F-4B99-9781-35DEC8A363B4}.Release|x64.Build.0 = Release|Any CPU
		{53AAC793-CC1F-4B99-9781-35DEC8A363B4}.Release|x86.ActiveCfg = Release|Any CPU
		{53AAC793-CC1F-4B99-9781-35DEC8A363B4}.Release|x86.Build.0 = Release|Any CPU
		{EB0918B2-2405-4732-AE91-CBA582A466BC}.Debug|Any CPU.ActiveCfg = Debug|Any CPU
		{EB0918B2-2405-4732-AE91-CBA582A466BC}.Debug|Any CPU.Build.0 = Debug|Any CPU
		{EB0918B2-2405-4732-AE91-CBA582A466BC}.Debug|ARM.ActiveCfg = Debug|Any CPU
		{EB0918B2-2405-4732-AE91-CBA582A466BC}.Debug|ARM.Build.0 = Debug|Any CPU
		{EB0918B2-2405-4732-AE91-CBA582A466BC}.Debug|x64.ActiveCfg = Debug|Any CPU
		{EB0918B2-2405-4732-AE91-CBA582A466BC}.Debug|x64.Build.0 = Debug|Any CPU
		{EB0918B2-2405-4732-AE91-CBA582A466BC}.Debug|x86.ActiveCfg = Debug|Any CPU
		{EB0918B2-2405-4732-AE91-CBA582A466BC}.Debug|x86.Build.0 = Debug|Any CPU
		{EB0918B2-2405-4732-AE91-CBA582A466BC}.Release|Any CPU.ActiveCfg = Release|Any CPU
		{EB0918B2-2405-4732-AE91-CBA582A466BC}.Release|Any CPU.Build.0 = Release|Any CPU
		{EB0918B2-2405-4732-AE91-CBA582A466BC}.Release|ARM.ActiveCfg = Release|Any CPU
		{EB0918B2-2405-4732-AE91-CBA582A466BC}.Release|ARM.Build.0 = Release|Any CPU
		{EB0918B2-2405-4732-AE91-CBA582A466BC}.Release|x64.ActiveCfg = Release|Any CPU
		{EB0918B2-2405-4732-AE91-CBA582A466BC}.Release|x64.Build.0 = Release|Any CPU
		{EB0918B2-2405-4732-AE91-CBA582A466BC}.Release|x86.ActiveCfg = Release|Any CPU
		{EB0918B2-2405-4732-AE91-CBA582A466BC}.Release|x86.Build.0 = Release|Any CPU
		{E471EDC0-C188-44CC-8B8D-5EB435CA577D}.Debug|Any CPU.ActiveCfg = Debug|Win32
		{E471EDC0-C188-44CC-8B8D-5EB435CA577D}.Debug|ARM.ActiveCfg = Debug|Win32
		{E471EDC0-C188-44CC-8B8D-5EB435CA577D}.Debug|x64.ActiveCfg = Debug|x64
		{E471EDC0-C188-44CC-8B8D-5EB435CA577D}.Debug|x64.Build.0 = Debug|x64
		{E471EDC0-C188-44CC-8B8D-5EB435CA577D}.Debug|x86.ActiveCfg = Debug|Win32
		{E471EDC0-C188-44CC-8B8D-5EB435CA577D}.Debug|x86.Build.0 = Debug|Win32
		{E471EDC0-C188-44CC-8B8D-5EB435CA577D}.Release|Any CPU.ActiveCfg = Release|Win32
		{E471EDC0-C188-44CC-8B8D-5EB435CA577D}.Release|ARM.ActiveCfg = Release|Win32
		{E471EDC0-C188-44CC-8B8D-5EB435CA577D}.Release|x64.ActiveCfg = Release|x64
		{E471EDC0-C188-44CC-8B8D-5EB435CA577D}.Release|x64.Build.0 = Release|x64
		{E471EDC0-C188-44CC-8B8D-5EB435CA577D}.Release|x86.ActiveCfg = Release|Win32
		{E471EDC0-C188-44CC-8B8D-5EB435CA577D}.Release|x86.Build.0 = Release|Win32
		{BFE370A1-9DCE-47C2-BCFF-0DC54044A0BA}.Debug|Any CPU.ActiveCfg = Debug|Any CPU
		{BFE370A1-9DCE-47C2-BCFF-0DC54044A0BA}.Debug|Any CPU.Build.0 = Debug|Any CPU
		{BFE370A1-9DCE-47C2-BCFF-0DC54044A0BA}.Debug|ARM.ActiveCfg = Debug|Any CPU
		{BFE370A1-9DCE-47C2-BCFF-0DC54044A0BA}.Debug|ARM.Build.0 = Debug|Any CPU
		{BFE370A1-9DCE-47C2-BCFF-0DC54044A0BA}.Debug|x64.ActiveCfg = Debug|Any CPU
		{BFE370A1-9DCE-47C2-BCFF-0DC54044A0BA}.Debug|x64.Build.0 = Debug|Any CPU
		{BFE370A1-9DCE-47C2-BCFF-0DC54044A0BA}.Debug|x86.ActiveCfg = Debug|Any CPU
		{BFE370A1-9DCE-47C2-BCFF-0DC54044A0BA}.Debug|x86.Build.0 = Debug|Any CPU
		{BFE370A1-9DCE-47C2-BCFF-0DC54044A0BA}.Release|Any CPU.ActiveCfg = Release|Any CPU
		{BFE370A1-9DCE-47C2-BCFF-0DC54044A0BA}.Release|Any CPU.Build.0 = Release|Any CPU
		{BFE370A1-9DCE-47C2-BCFF-0DC54044A0BA}.Release|ARM.ActiveCfg = Release|Any CPU
		{BFE370A1-9DCE-47C2-BCFF-0DC54044A0BA}.Release|ARM.Build.0 = Release|Any CPU
		{BFE370A1-9DCE-47C2-BCFF-0DC54044A0BA}.Release|x64.ActiveCfg = Release|Any CPU
		{BFE370A1-9DCE-47C2-BCFF-0DC54044A0BA}.Release|x64.Build.0 = Release|Any CPU
		{BFE370A1-9DCE-47C2-BCFF-0DC54044A0BA}.Release|x86.ActiveCfg = Release|Any CPU
		{BFE370A1-9DCE-47C2-BCFF-0DC54044A0BA}.Release|x86.Build.0 = Release|Any CPU
		{2B717DA4-EB9D-47D6-8D74-DC1FDED6B193}.Debug|Any CPU.ActiveCfg = Debug|Any CPU
		{2B717DA4-EB9D-47D6-8D74-DC1FDED6B193}.Debug|Any CPU.Build.0 = Debug|Any CPU
		{2B717DA4-EB9D-47D6-8D74-DC1FDED6B193}.Debug|ARM.ActiveCfg = Debug|Any CPU
		{2B717DA4-EB9D-47D6-8D74-DC1FDED6B193}.Debug|ARM.Build.0 = Debug|Any CPU
		{2B717DA4-EB9D-47D6-8D74-DC1FDED6B193}.Debug|x64.ActiveCfg = Debug|Any CPU
		{2B717DA4-EB9D-47D6-8D74-DC1FDED6B193}.Debug|x64.Build.0 = Debug|Any CPU
		{2B717DA4-EB9D-47D6-8D74-DC1FDED6B193}.Debug|x86.ActiveCfg = Debug|Any CPU
		{2B717DA4-EB9D-47D6-8D74-DC1FDED6B193}.Debug|x86.Build.0 = Debug|Any CPU
		{2B717DA4-EB9D-47D6-8D74-DC1FDED6B193}.Release|Any CPU.ActiveCfg = Release|Any CPU
		{2B717DA4-EB9D-47D6-8D74-DC1FDED6B193}.Release|Any CPU.Build.0 = Release|Any CPU
		{2B717DA4-EB9D-47D6-8D74-DC1FDED6B193}.Release|ARM.ActiveCfg = Release|Any CPU
		{2B717DA4-EB9D-47D6-8D74-DC1FDED6B193}.Release|ARM.Build.0 = Release|Any CPU
		{2B717DA4-EB9D-47D6-8D74-DC1FDED6B193}.Release|x64.ActiveCfg = Release|Any CPU
		{2B717DA4-EB9D-47D6-8D74-DC1FDED6B193}.Release|x64.Build.0 = Release|Any CPU
		{2B717DA4-EB9D-47D6-8D74-DC1FDED6B193}.Release|x86.ActiveCfg = Release|Any CPU
		{2B717DA4-EB9D-47D6-8D74-DC1FDED6B193}.Release|x86.Build.0 = Release|Any CPU
		{50B5352B-F996-4E14-8A1A-C7096F42E321}.Debug|Any CPU.ActiveCfg = Debug|Any CPU
		{50B5352B-F996-4E14-8A1A-C7096F42E321}.Debug|Any CPU.Build.0 = Debug|Any CPU
		{50B5352B-F996-4E14-8A1A-C7096F42E321}.Debug|ARM.ActiveCfg = Debug|Any CPU
		{50B5352B-F996-4E14-8A1A-C7096F42E321}.Debug|ARM.Build.0 = Debug|Any CPU
		{50B5352B-F996-4E14-8A1A-C7096F42E321}.Debug|x64.ActiveCfg = Debug|Any CPU
		{50B5352B-F996-4E14-8A1A-C7096F42E321}.Debug|x64.Build.0 = Debug|Any CPU
		{50B5352B-F996-4E14-8A1A-C7096F42E321}.Debug|x86.ActiveCfg = Debug|Any CPU
		{50B5352B-F996-4E14-8A1A-C7096F42E321}.Debug|x86.Build.0 = Debug|Any CPU
		{50B5352B-F996-4E14-8A1A-C7096F42E321}.Release|Any CPU.ActiveCfg = Release|Any CPU
		{50B5352B-F996-4E14-8A1A-C7096F42E321}.Release|Any CPU.Build.0 = Release|Any CPU
		{50B5352B-F996-4E14-8A1A-C7096F42E321}.Release|ARM.ActiveCfg = Release|Any CPU
		{50B5352B-F996-4E14-8A1A-C7096F42E321}.Release|ARM.Build.0 = Release|Any CPU
		{50B5352B-F996-4E14-8A1A-C7096F42E321}.Release|x64.ActiveCfg = Release|Any CPU
		{50B5352B-F996-4E14-8A1A-C7096F42E321}.Release|x64.Build.0 = Release|Any CPU
		{50B5352B-F996-4E14-8A1A-C7096F42E321}.Release|x86.ActiveCfg = Release|Any CPU
		{50B5352B-F996-4E14-8A1A-C7096F42E321}.Release|x86.Build.0 = Release|Any CPU
		{2F91D6D7-D55A-42A2-94B1-67568CE6E446}.Debug|Any CPU.ActiveCfg = Debug|Win32
		{2F91D6D7-D55A-42A2-94B1-67568CE6E446}.Debug|ARM.ActiveCfg = Debug|Win32
		{2F91D6D7-D55A-42A2-94B1-67568CE6E446}.Debug|x64.ActiveCfg = Debug|x64
		{2F91D6D7-D55A-42A2-94B1-67568CE6E446}.Debug|x64.Build.0 = Debug|x64
		{2F91D6D7-D55A-42A2-94B1-67568CE6E446}.Debug|x86.ActiveCfg = Debug|Win32
		{2F91D6D7-D55A-42A2-94B1-67568CE6E446}.Debug|x86.Build.0 = Debug|Win32
		{2F91D6D7-D55A-42A2-94B1-67568CE6E446}.Release|Any CPU.ActiveCfg = Release|Win32
		{2F91D6D7-D55A-42A2-94B1-67568CE6E446}.Release|ARM.ActiveCfg = Release|Win32
		{2F91D6D7-D55A-42A2-94B1-67568CE6E446}.Release|x64.ActiveCfg = Release|x64
		{2F91D6D7-D55A-42A2-94B1-67568CE6E446}.Release|x64.Build.0 = Release|x64
		{2F91D6D7-D55A-42A2-94B1-67568CE6E446}.Release|x86.ActiveCfg = Release|Win32
		{2F91D6D7-D55A-42A2-94B1-67568CE6E446}.Release|x86.Build.0 = Release|Win32
		{68EA097C-7764-4EB6-BB37-34FC8EC673FD}.Debug|Any CPU.ActiveCfg = Debug|Any CPU
		{68EA097C-7764-4EB6-BB37-34FC8EC673FD}.Debug|Any CPU.Build.0 = Debug|Any CPU
		{68EA097C-7764-4EB6-BB37-34FC8EC673FD}.Debug|ARM.ActiveCfg = Debug|Any CPU
		{68EA097C-7764-4EB6-BB37-34FC8EC673FD}.Debug|ARM.Build.0 = Debug|Any CPU
		{68EA097C-7764-4EB6-BB37-34FC8EC673FD}.Debug|x64.ActiveCfg = Debug|Any CPU
		{68EA097C-7764-4EB6-BB37-34FC8EC673FD}.Debug|x64.Build.0 = Debug|Any CPU
		{68EA097C-7764-4EB6-BB37-34FC8EC673FD}.Debug|x86.ActiveCfg = Debug|Any CPU
		{68EA097C-7764-4EB6-BB37-34FC8EC673FD}.Debug|x86.Build.0 = Debug|Any CPU
		{68EA097C-7764-4EB6-BB37-34FC8EC673FD}.Release|Any CPU.ActiveCfg = Release|Any CPU
		{68EA097C-7764-4EB6-BB37-34FC8EC673FD}.Release|Any CPU.Build.0 = Release|Any CPU
		{68EA097C-7764-4EB6-BB37-34FC8EC673FD}.Release|ARM.ActiveCfg = Release|Any CPU
		{68EA097C-7764-4EB6-BB37-34FC8EC673FD}.Release|ARM.Build.0 = Release|Any CPU
		{68EA097C-7764-4EB6-BB37-34FC8EC673FD}.Release|x64.ActiveCfg = Release|Any CPU
		{68EA097C-7764-4EB6-BB37-34FC8EC673FD}.Release|x64.Build.0 = Release|Any CPU
		{68EA097C-7764-4EB6-BB37-34FC8EC673FD}.Release|x86.ActiveCfg = Release|Any CPU
		{68EA097C-7764-4EB6-BB37-34FC8EC673FD}.Release|x86.Build.0 = Release|Any CPU
		{D19A13BA-1C8F-4CEB-840C-D485D0936D56}.Debug|Any CPU.ActiveCfg = Debug|Any CPU
		{D19A13BA-1C8F-4CEB-840C-D485D0936D56}.Debug|Any CPU.Build.0 = Debug|Any CPU
		{D19A13BA-1C8F-4CEB-840C-D485D0936D56}.Debug|ARM.ActiveCfg = Debug|Any CPU
		{D19A13BA-1C8F-4CEB-840C-D485D0936D56}.Debug|ARM.Build.0 = Debug|Any CPU
		{D19A13BA-1C8F-4CEB-840C-D485D0936D56}.Debug|x64.ActiveCfg = Debug|Any CPU
		{D19A13BA-1C8F-4CEB-840C-D485D0936D56}.Debug|x64.Build.0 = Debug|Any CPU
		{D19A13BA-1C8F-4CEB-840C-D485D0936D56}.Debug|x86.ActiveCfg = Debug|Any CPU
		{D19A13BA-1C8F-4CEB-840C-D485D0936D56}.Debug|x86.Build.0 = Debug|Any CPU
		{D19A13BA-1C8F-4CEB-840C-D485D0936D56}.Release|Any CPU.ActiveCfg = Release|Any CPU
		{D19A13BA-1C8F-4CEB-840C-D485D0936D56}.Release|Any CPU.Build.0 = Release|Any CPU
		{D19A13BA-1C8F-4CEB-840C-D485D0936D56}.Release|ARM.ActiveCfg = Release|Any CPU
		{D19A13BA-1C8F-4CEB-840C-D485D0936D56}.Release|ARM.Build.0 = Release|Any CPU
		{D19A13BA-1C8F-4CEB-840C-D485D0936D56}.Release|x64.ActiveCfg = Release|Any CPU
		{D19A13BA-1C8F-4CEB-840C-D485D0936D56}.Release|x64.Build.0 = Release|Any CPU
		{D19A13BA-1C8F-4CEB-840C-D485D0936D56}.Release|x86.ActiveCfg = Release|Any CPU
		{D19A13BA-1C8F-4CEB-840C-D485D0936D56}.Release|x86.Build.0 = Release|Any CPU
		{C3F7181D-F341-4080-B947-745F3408C51D}.Debug|Any CPU.ActiveCfg = Debug|Any CPU
		{C3F7181D-F341-4080-B947-745F3408C51D}.Debug|Any CPU.Build.0 = Debug|Any CPU
		{C3F7181D-F341-4080-B947-745F3408C51D}.Debug|ARM.ActiveCfg = Debug|Any CPU
		{C3F7181D-F341-4080-B947-745F3408C51D}.Debug|ARM.Build.0 = Debug|Any CPU
		{C3F7181D-F341-4080-B947-745F3408C51D}.Debug|x64.ActiveCfg = Debug|Any CPU
		{C3F7181D-F341-4080-B947-745F3408C51D}.Debug|x64.Build.0 = Debug|Any CPU
		{C3F7181D-F341-4080-B947-745F3408C51D}.Debug|x86.ActiveCfg = Debug|Any CPU
		{C3F7181D-F341-4080-B947-745F3408C51D}.Debug|x86.Build.0 = Debug|Any CPU
		{C3F7181D-F341-4080-B947-745F3408C51D}.Release|Any CPU.ActiveCfg = Release|Any CPU
		{C3F7181D-F341-4080-B947-745F3408C51D}.Release|Any CPU.Build.0 = Release|Any CPU
		{C3F7181D-F341-4080-B947-745F3408C51D}.Release|ARM.ActiveCfg = Release|Any CPU
		{C3F7181D-F341-4080-B947-745F3408C51D}.Release|ARM.Build.0 = Release|Any CPU
		{C3F7181D-F341-4080-B947-745F3408C51D}.Release|x64.ActiveCfg = Release|Any CPU
		{C3F7181D-F341-4080-B947-745F3408C51D}.Release|x64.Build.0 = Release|Any CPU
		{C3F7181D-F341-4080-B947-745F3408C51D}.Release|x86.ActiveCfg = Release|Any CPU
		{C3F7181D-F341-4080-B947-745F3408C51D}.Release|x86.Build.0 = Release|Any CPU
		{1BE4C1F8-8CD0-498F-B67D-45D2BE1FB0CA}.Debug|Any CPU.ActiveCfg = Debug|Any CPU
		{1BE4C1F8-8CD0-498F-B67D-45D2BE1FB0CA}.Debug|Any CPU.Build.0 = Debug|Any CPU
		{1BE4C1F8-8CD0-498F-B67D-45D2BE1FB0CA}.Debug|ARM.ActiveCfg = Debug|Any CPU
		{1BE4C1F8-8CD0-498F-B67D-45D2BE1FB0CA}.Debug|ARM.Build.0 = Debug|Any CPU
		{1BE4C1F8-8CD0-498F-B67D-45D2BE1FB0CA}.Debug|x64.ActiveCfg = Debug|Any CPU
		{1BE4C1F8-8CD0-498F-B67D-45D2BE1FB0CA}.Debug|x64.Build.0 = Debug|Any CPU
		{1BE4C1F8-8CD0-498F-B67D-45D2BE1FB0CA}.Debug|x86.ActiveCfg = Debug|Any CPU
		{1BE4C1F8-8CD0-498F-B67D-45D2BE1FB0CA}.Debug|x86.Build.0 = Debug|Any CPU
		{1BE4C1F8-8CD0-498F-B67D-45D2BE1FB0CA}.Release|Any CPU.ActiveCfg = Release|Any CPU
		{1BE4C1F8-8CD0-498F-B67D-45D2BE1FB0CA}.Release|Any CPU.Build.0 = Release|Any CPU
		{1BE4C1F8-8CD0-498F-B67D-45D2BE1FB0CA}.Release|ARM.ActiveCfg = Release|Any CPU
		{1BE4C1F8-8CD0-498F-B67D-45D2BE1FB0CA}.Release|ARM.Build.0 = Release|Any CPU
		{1BE4C1F8-8CD0-498F-B67D-45D2BE1FB0CA}.Release|x64.ActiveCfg = Release|Any CPU
		{1BE4C1F8-8CD0-498F-B67D-45D2BE1FB0CA}.Release|x64.Build.0 = Release|Any CPU
		{1BE4C1F8-8CD0-498F-B67D-45D2BE1FB0CA}.Release|x86.ActiveCfg = Release|Any CPU
		{1BE4C1F8-8CD0-498F-B67D-45D2BE1FB0CA}.Release|x86.Build.0 = Release|Any CPU
	EndGlobalSection
	GlobalSection(SolutionProperties) = preSolution
		HideSolutionNode = FALSE
	EndGlobalSection
	GlobalSection(ExtensibilityGlobals) = postSolution
		SolutionGuid = {D80916AC-677F-4083-B57A-3562C04772D2}
	EndGlobalSection
	GlobalSection(Performance) = preSolution
		HasPerformanceSessions = true
	EndGlobalSection
EndGlobal
