<?xml version="1.0" encoding="utf-8"?>
<Project ToolsVersion="4.0" xmlns="http://schemas.microsoft.com/developer/msbuild/2003">
  <ItemGroup>
    <ClCompile Include="dllmain.cpp" />
    <ClCompile Include="leptonica\src\adaptmap.c">
      <Filter>Leptonica</Filter>
    </ClCompile>
    <ClCompile Include="leptonica\src\affine.c">
      <Filter>Leptonica</Filter>
    </ClCompile>
    <ClCompile Include="leptonica\src\affinecompose.c">
      <Filter>Leptonica</Filter>
    </ClCompile>
    <ClCompile Include="leptonica\src\arrayaccess.c">
      <Filter>Leptonica</Filter>
    </ClCompile>
    <ClCompile Include="leptonica\src\bardecode.c">
      <Filter>Leptonica</Filter>
    </ClCompile>
    <ClCompile Include="leptonica\src\baseline.c">
      <Filter>Leptonica</Filter>
    </ClCompile>
    <ClCompile Include="leptonica\src\bbuffer.c">
      <Filter>Leptonica</Filter>
    </ClCompile>
    <ClCompile Include="leptonica\src\bilateral.c">
      <Filter>Leptonica</Filter>
    </ClCompile>
    <ClCompile Include="leptonica\src\bilinear.c">
      <Filter>Leptonica</Filter>
    </ClCompile>
    <ClCompile Include="leptonica\src\binarize.c">
      <Filter>Leptonica</Filter>
    </ClCompile>
    <ClCompile Include="leptonica\src\binexpand.c">
      <Filter>Leptonica</Filter>
    </ClCompile>
    <ClCompile Include="leptonica\src\binreduce.c">
      <Filter>Leptonica</Filter>
    </ClCompile>
    <ClCompile Include="leptonica\src\blend.c">
      <Filter>Leptonica</Filter>
    </ClCompile>
    <ClCompile Include="leptonica\src\bmf.c">
      <Filter>Leptonica</Filter>
    </ClCompile>
    <ClCompile Include="leptonica\src\bmpio.c">
      <Filter>Leptonica</Filter>
    </ClCompile>
    <ClCompile Include="leptonica\src\bmpiostub.c">
      <Filter>Leptonica</Filter>
    </ClCompile>
    <ClCompile Include="leptonica\src\bootnumgen1.c">
      <Filter>Leptonica</Filter>
    </ClCompile>
    <ClCompile Include="leptonica\src\bootnumgen2.c">
      <Filter>Leptonica</Filter>
    </ClCompile>
    <ClCompile Include="leptonica\src\bootnumgen3.c">
      <Filter>Leptonica</Filter>
    </ClCompile>
    <ClCompile Include="leptonica\src\boxbasic.c">
      <Filter>Leptonica</Filter>
    </ClCompile>
    <ClCompile Include="leptonica\src\boxfunc1.c">
      <Filter>Leptonica</Filter>
    </ClCompile>
    <ClCompile Include="leptonica\src\boxfunc2.c">
      <Filter>Leptonica</Filter>
    </ClCompile>
    <ClCompile Include="leptonica\src\boxfunc3.c">
      <Filter>Leptonica</Filter>
    </ClCompile>
    <ClCompile Include="leptonica\src\boxfunc4.c">
      <Filter>Leptonica</Filter>
    </ClCompile>
    <ClCompile Include="leptonica\src\bytearray.c">
      <Filter>Leptonica</Filter>
    </ClCompile>
    <ClCompile Include="leptonica\src\ccbord.c">
      <Filter>Leptonica</Filter>
    </ClCompile>
    <ClCompile Include="leptonica\src\ccthin.c">
      <Filter>Leptonica</Filter>
    </ClCompile>
    <ClCompile Include="leptonica\src\classapp.c">
      <Filter>Leptonica</Filter>
    </ClCompile>
    <ClCompile Include="leptonica\src\colorcontent.c">
      <Filter>Leptonica</Filter>
    </ClCompile>
    <ClCompile Include="leptonica\src\coloring.c">
      <Filter>Leptonica</Filter>
    </ClCompile>
    <ClCompile Include="leptonica\src\colormap.c">
      <Filter>Leptonica</Filter>
    </ClCompile>
    <ClCompile Include="leptonica\src\colormorph.c">
      <Filter>Leptonica</Filter>
    </ClCompile>
    <ClCompile Include="leptonica\src\colorquant1.c">
      <Filter>Leptonica</Filter>
    </ClCompile>
    <ClCompile Include="leptonica\src\colorquant2.c">
      <Filter>Leptonica</Filter>
    </ClCompile>
    <ClCompile Include="leptonica\src\colorseg.c">
      <Filter>Leptonica</Filter>
    </ClCompile>
    <ClCompile Include="leptonica\src\colorspace.c">
      <Filter>Leptonica</Filter>
    </ClCompile>
    <ClCompile Include="leptonica\src\compare.c">
      <Filter>Leptonica</Filter>
    </ClCompile>
    <ClCompile Include="leptonica\src\conncomp.c">
      <Filter>Leptonica</Filter>
    </ClCompile>
    <ClCompile Include="leptonica\src\convertfiles.c">
      <Filter>Leptonica</Filter>
    </ClCompile>
    <ClCompile Include="leptonica\src\correlscore.c">
      <Filter>Leptonica</Filter>
    </ClCompile>
    <ClCompile Include="leptonica\src\dewarp1.c">
      <Filter>Leptonica</Filter>
    </ClCompile>
    <ClCompile Include="leptonica\src\dewarp2.c">
      <Filter>Leptonica</Filter>
    </ClCompile>
    <ClCompile Include="leptonica\src\dewarp3.c">
      <Filter>Leptonica</Filter>
    </ClCompile>
    <ClCompile Include="leptonica\src\dewarp4.c">
      <Filter>Leptonica</Filter>
    </ClCompile>
    <ClCompile Include="leptonica\src\dnabasic.c">
      <Filter>Leptonica</Filter>
    </ClCompile>
    <ClCompile Include="leptonica\src\dnafunc1.c">
      <Filter>Leptonica</Filter>
    </ClCompile>
    <ClCompile Include="leptonica\src\dnahash.c">
      <Filter>Leptonica</Filter>
    </ClCompile>
    <ClCompile Include="leptonica\src\dwacomb.2.c">
      <Filter>Leptonica</Filter>
    </ClCompile>
    <ClCompile Include="leptonica\src\dwacomblow.2.c">
      <Filter>Leptonica</Filter>
    </ClCompile>
    <ClCompile Include="leptonica\src\edge.c">
      <Filter>Leptonica</Filter>
    </ClCompile>
    <ClCompile Include="leptonica\src\encoding.c">
      <Filter>Leptonica</Filter>
    </ClCompile>
    <ClCompile Include="leptonica\src\enhance.c">
      <Filter>Leptonica</Filter>
    </ClCompile>
    <ClCompile Include="leptonica\src\fhmtauto.c">
      <Filter>Leptonica</Filter>
    </ClCompile>
    <ClCompile Include="leptonica\src\fhmtgen.1.c">
      <Filter>Leptonica</Filter>
    </ClCompile>
    <ClCompile Include="leptonica\src\fhmtgenlow.1.c">
      <Filter>Leptonica</Filter>
    </ClCompile>
    <ClCompile Include="leptonica\src\finditalic.c">
      <Filter>Leptonica</Filter>
    </ClCompile>
    <ClCompile Include="leptonica\src\flipdetect.c">
      <Filter>Leptonica</Filter>
    </ClCompile>
    <ClCompile Include="leptonica\src\fliphmtgen.c">
      <Filter>Leptonica</Filter>
    </ClCompile>
    <ClCompile Include="leptonica\src\fmorphauto.c">
      <Filter>Leptonica</Filter>
    </ClCompile>
    <ClCompile Include="leptonica\src\fmorphgen.1.c">
      <Filter>Leptonica</Filter>
    </ClCompile>
    <ClCompile Include="leptonica\src\fmorphgenlow.1.c">
      <Filter>Leptonica</Filter>
    </ClCompile>
    <ClCompile Include="leptonica\src\fpix1.c">
      <Filter>Leptonica</Filter>
    </ClCompile>
    <ClCompile Include="leptonica\src\fpix2.c">
      <Filter>Leptonica</Filter>
    </ClCompile>
    <ClCompile Include="leptonica\src\gifio.c">
      <Filter>Leptonica</Filter>
    </ClCompile>
    <ClCompile Include="leptonica\src\gifiostub.c">
      <Filter>Leptonica</Filter>
    </ClCompile>
    <ClCompile Include="leptonica\src\gplot.c">
      <Filter>Leptonica</Filter>
    </ClCompile>
    <ClCompile Include="leptonica\src\graphics.c">
      <Filter>Leptonica</Filter>
    </ClCompile>
    <ClCompile Include="leptonica\src\graymorph.c">
      <Filter>Leptonica</Filter>
    </ClCompile>
    <ClCompile Include="leptonica\src\grayquant.c">
      <Filter>Leptonica</Filter>
    </ClCompile>
    <ClCompile Include="leptonica\src\heap.c">
      <Filter>Leptonica</Filter>
    </ClCompile>
    <ClCompile Include="leptonica\src\jbclass.c">
      <Filter>Leptonica</Filter>
    </ClCompile>
    <ClCompile Include="leptonica\src\jp2kheader.c">
      <Filter>Leptonica</Filter>
    </ClCompile>
    <ClCompile Include="leptonica\src\jp2kheaderstub.c">
      <Filter>Leptonica</Filter>
    </ClCompile>
    <ClCompile Include="leptonica\src\jp2kio.c">
      <Filter>Leptonica</Filter>
    </ClCompile>
    <ClCompile Include="leptonica\src\jp2kiostub.c">
      <Filter>Leptonica</Filter>
    </ClCompile>
    <ClCompile Include="leptonica\src\jpegio.c">
      <Filter>Leptonica</Filter>
    </ClCompile>
    <ClCompile Include="leptonica\src\jpegiostub.c">
      <Filter>Leptonica</Filter>
    </ClCompile>
    <ClCompile Include="leptonica\src\kernel.c">
      <Filter>Leptonica</Filter>
    </ClCompile>
    <ClCompile Include="leptonica\src\leptwin.c">
      <Filter>Leptonica</Filter>
    </ClCompile>
    <ClCompile Include="leptonica\src\libversions.c">
      <Filter>Leptonica</Filter>
    </ClCompile>
    <ClCompile Include="leptonica\src\list.c">
      <Filter>Leptonica</Filter>
    </ClCompile>
    <ClCompile Include="leptonica\src\map.c">
      <Filter>Leptonica</Filter>
    </ClCompile>
    <ClCompile Include="leptonica\src\maze.c">
      <Filter>Leptonica</Filter>
    </ClCompile>
    <ClCompile Include="leptonica\src\morph.c">
      <Filter>Leptonica</Filter>
    </ClCompile>
    <ClCompile Include="leptonica\src\morphapp.c">
      <Filter>Leptonica</Filter>
    </ClCompile>
    <ClCompile Include="leptonica\src\morphdwa.c">
      <Filter>Leptonica</Filter>
    </ClCompile>
    <ClCompile Include="leptonica\src\morphseq.c">
      <Filter>Leptonica</Filter>
    </ClCompile>
    <ClCompile Include="leptonica\src\numabasic.c">
      <Filter>Leptonica</Filter>
    </ClCompile>
    <ClCompile Include="leptonica\src\numafunc1.c">
      <Filter>Leptonica</Filter>
    </ClCompile>
    <ClCompile Include="leptonica\src\numafunc2.c">
      <Filter>Leptonica</Filter>
    </ClCompile>
    <ClCompile Include="leptonica\src\pageseg.c">
      <Filter>Leptonica</Filter>
    </ClCompile>
    <ClCompile Include="leptonica\src\paintcmap.c">
      <Filter>Leptonica</Filter>
    </ClCompile>
    <ClCompile Include="leptonica\src\parseprotos.c">
      <Filter>Leptonica</Filter>
    </ClCompile>
    <ClCompile Include="leptonica\src\partition.c">
      <Filter>Leptonica</Filter>
    </ClCompile>
    <ClCompile Include="leptonica\src\pdfio1.c">
      <Filter>Leptonica</Filter>
    </ClCompile>
    <ClCompile Include="leptonica\src\pdfio1stub.c">
      <Filter>Leptonica</Filter>
    </ClCompile>
    <ClCompile Include="leptonica\src\pdfio2.c">
      <Filter>Leptonica</Filter>
    </ClCompile>
    <ClCompile Include="leptonica\src\pdfio2stub.c">
      <Filter>Leptonica</Filter>
    </ClCompile>
    <ClCompile Include="leptonica\src\pix1.c">
      <Filter>Leptonica</Filter>
    </ClCompile>
    <ClCompile Include="leptonica\src\pix2.c">
      <Filter>Leptonica</Filter>
    </ClCompile>
    <ClCompile Include="leptonica\src\pix3.c">
      <Filter>Leptonica</Filter>
    </ClCompile>
    <ClCompile Include="leptonica\src\pix4.c">
      <Filter>Leptonica</Filter>
    </ClCompile>
    <ClCompile Include="leptonica\src\pix5.c">
      <Filter>Leptonica</Filter>
    </ClCompile>
    <ClCompile Include="leptonica\src\pixabasic.c">
      <Filter>Leptonica</Filter>
    </ClCompile>
    <ClCompile Include="leptonica\src\pixacc.c">
      <Filter>Leptonica</Filter>
    </ClCompile>
    <ClCompile Include="leptonica\src\pixafunc1.c">
      <Filter>Leptonica</Filter>
    </ClCompile>
    <ClCompile Include="leptonica\src\pixafunc2.c">
      <Filter>Leptonica</Filter>
    </ClCompile>
    <ClCompile Include="leptonica\src\pixalloc.c">
      <Filter>Leptonica</Filter>
    </ClCompile>
    <ClCompile Include="leptonica\src\pixarith.c">
      <Filter>Leptonica</Filter>
    </ClCompile>
    <ClCompile Include="leptonica\src\pixcomp.c">
      <Filter>Leptonica</Filter>
    </ClCompile>
    <ClCompile Include="leptonica\src\pixconv.c">
      <Filter>Leptonica</Filter>
    </ClCompile>
    <ClCompile Include="leptonica\src\pixlabel.c">
      <Filter>Leptonica</Filter>
    </ClCompile>
    <ClCompile Include="leptonica\src\pixtiling.c">
      <Filter>Leptonica</Filter>
    </ClCompile>
    <ClCompile Include="leptonica\src\pngio.c">
      <Filter>Leptonica</Filter>
    </ClCompile>
    <ClCompile Include="leptonica\src\pngiostub.c">
      <Filter>Leptonica</Filter>
    </ClCompile>
    <ClCompile Include="leptonica\src\pnmio.c">
      <Filter>Leptonica</Filter>
    </ClCompile>
    <ClCompile Include="leptonica\src\pnmiostub.c">
      <Filter>Leptonica</Filter>
    </ClCompile>
    <ClCompile Include="leptonica\src\projective.c">
      <Filter>Leptonica</Filter>
    </ClCompile>
    <ClCompile Include="leptonica\src\psio1.c">
      <Filter>Leptonica</Filter>
    </ClCompile>
    <ClCompile Include="leptonica\src\psio1stub.c">
      <Filter>Leptonica</Filter>
    </ClCompile>
    <ClCompile Include="leptonica\src\psio2.c">
      <Filter>Leptonica</Filter>
    </ClCompile>
    <ClCompile Include="leptonica\src\psio2stub.c">
      <Filter>Leptonica</Filter>
    </ClCompile>
    <ClCompile Include="leptonica\src\ptabasic.c">
      <Filter>Leptonica</Filter>
    </ClCompile>
    <ClCompile Include="leptonica\src\ptafunc1.c">
      <Filter>Leptonica</Filter>
    </ClCompile>
    <ClCompile Include="leptonica\src\ptafunc2.c">
      <Filter>Leptonica</Filter>
    </ClCompile>
    <ClCompile Include="leptonica\src\ptra.c">
      <Filter>Leptonica</Filter>
    </ClCompile>
    <ClCompile Include="leptonica\src\quadtree.c">
      <Filter>Leptonica</Filter>
    </ClCompile>
    <ClCompile Include="leptonica\src\queue.c">
      <Filter>Leptonica</Filter>
    </ClCompile>
    <ClCompile Include="leptonica\src\rank.c">
      <Filter>Leptonica</Filter>
    </ClCompile>
    <ClCompile Include="leptonica\src\rbtree.c">
      <Filter>Leptonica</Filter>
    </ClCompile>
    <ClCompile Include="leptonica\src\readbarcode.c">
      <Filter>Leptonica</Filter>
    </ClCompile>
    <ClCompile Include="leptonica\src\readfile.c">
      <Filter>Leptonica</Filter>
    </ClCompile>
    <ClCompile Include="leptonica\src\recogbasic.c">
      <Filter>Leptonica</Filter>
    </ClCompile>
    <ClCompile Include="leptonica\src\recogdid.c">
      <Filter>Leptonica</Filter>
    </ClCompile>
    <ClCompile Include="leptonica\src\recogident.c">
      <Filter>Leptonica</Filter>
    </ClCompile>
    <ClCompile Include="leptonica\src\recogtrain.c">
      <Filter>Leptonica</Filter>
    </ClCompile>
    <ClCompile Include="leptonica\src\regutils.c">
      <Filter>Leptonica</Filter>
    </ClCompile>
    <ClCompile Include="leptonica\src\rop.c">
      <Filter>Leptonica</Filter>
    </ClCompile>
    <ClCompile Include="leptonica\src\roplow.c">
      <Filter>Leptonica</Filter>
    </ClCompile>
    <ClCompile Include="leptonica\src\rotate.c">
      <Filter>Leptonica</Filter>
    </ClCompile>
    <ClCompile Include="leptonica\src\rotateam.c">
      <Filter>Leptonica</Filter>
    </ClCompile>
    <ClCompile Include="leptonica\src\rotateorth.c">
      <Filter>Leptonica</Filter>
    </ClCompile>
    <ClCompile Include="leptonica\src\rotateshear.c">
      <Filter>Leptonica</Filter>
    </ClCompile>
    <ClCompile Include="leptonica\src\runlength.c">
      <Filter>Leptonica</Filter>
    </ClCompile>
    <ClCompile Include="leptonica\src\sarray1.c">
      <Filter>Leptonica</Filter>
    </ClCompile>
    <ClCompile Include="leptonica\src\sarray2.c">
      <Filter>Leptonica</Filter>
    </ClCompile>
    <ClCompile Include="leptonica\src\scale1.c">
      <Filter>Leptonica</Filter>
    </ClCompile>
    <ClCompile Include="leptonica\src\scale2.c">
      <Filter>Leptonica</Filter>
    </ClCompile>
    <ClCompile Include="leptonica\src\seedfill.c">
      <Filter>Leptonica</Filter>
    </ClCompile>
    <ClCompile Include="leptonica\src\sel1.c">
      <Filter>Leptonica</Filter>
    </ClCompile>
    <ClCompile Include="leptonica\src\sel2.c">
      <Filter>Leptonica</Filter>
    </ClCompile>
    <ClCompile Include="leptonica\src\selgen.c">
      <Filter>Leptonica</Filter>
    </ClCompile>
    <ClCompile Include="leptonica\src\shear.c">
      <Filter>Leptonica</Filter>
    </ClCompile>
    <ClCompile Include="leptonica\src\skew.c">
      <Filter>Leptonica</Filter>
    </ClCompile>
    <ClCompile Include="leptonica\src\spixio.c">
      <Filter>Leptonica</Filter>
    </ClCompile>
    <ClCompile Include="leptonica\src\stack.c">
      <Filter>Leptonica</Filter>
    </ClCompile>
    <ClCompile Include="leptonica\src\stringcode.c">
      <Filter>Leptonica</Filter>
    </ClCompile>
    <ClCompile Include="leptonica\src\strokes.c">
      <Filter>Leptonica</Filter>
    </ClCompile>
    <ClCompile Include="leptonica\src\sudoku.c">
      <Filter>Leptonica</Filter>
    </ClCompile>
    <ClCompile Include="leptonica\src\textops.c">
      <Filter>Leptonica</Filter>
    </ClCompile>
    <ClCompile Include="leptonica\src\tiffio.c">
      <Filter>Leptonica</Filter>
    </ClCompile>
    <ClCompile Include="leptonica\src\tiffiostub.c">
      <Filter>Leptonica</Filter>
    </ClCompile>
    <ClCompile Include="leptonica\src\utils1.c">
      <Filter>Leptonica</Filter>
    </ClCompile>
    <ClCompile Include="leptonica\src\utils2.c">
      <Filter>Leptonica</Filter>
    </ClCompile>
    <ClCompile Include="leptonica\src\warper.c">
      <Filter>Leptonica</Filter>
    </ClCompile>
    <ClCompile Include="leptonica\src\watershed.c">
      <Filter>Leptonica</Filter>
    </ClCompile>
    <ClCompile Include="leptonica\src\webpio.c">
      <Filter>Leptonica</Filter>
    </ClCompile>
    <ClCompile Include="leptonica\src\webpiostub.c">
      <Filter>Leptonica</Filter>
    </ClCompile>
    <ClCompile Include="leptonica\src\writefile.c">
      <Filter>Leptonica</Filter>
    </ClCompile>
    <ClCompile Include="leptonica\src\zlibmem.c">
      <Filter>Leptonica</Filter>
    </ClCompile>
    <ClCompile Include="leptonica\src\zlibmemstub.c">
      <Filter>Leptonica</Filter>
    </ClCompile>
    <ClCompile Include="leptonica\src\convolve.c">
      <Filter>Leptonica</Filter>
    </ClCompile>
  </ItemGroup>
  <ItemGroup>
    <Filter Include="Leptonica">
      <UniqueIdentifier>{6C06E002-A60A-469A-A631-9900DB7CB41C}</UniqueIdentifier>
    </Filter>
    <Filter Include="Leptonica\config">
      <UniqueIdentifier>{046e3c3b-dcf7-4c61-8242-923d342c994e}</UniqueIdentifier>
    </Filter>
  </ItemGroup>
  <ItemGroup>
    <ClInclude Include="leptonica\src\config\config_auto.h">
      <Filter>Leptonica\config</Filter>
    </ClInclude>
  </ItemGroup>
</Project>